
Microsoft Visual Studio Solution File, Format Version 12.00
# Visual Studio Version 17
VisualStudioVersion = 17.10.35027.167
MinimumVisualStudioVersion = 10.0.40219.1
Project("{FAE04EC0-301F-11D3-BF4B-00C04F79EFBC}") = "BuildingClusterCC", "BuildingClusterCC.csproj", "{778CACE4-E2FA-4C0E-A1FF-2DBA4540CD48}"
EndProject
Global
	GlobalSection(SolutionConfigurationPlatforms) = preSolution
		Debug|Any CPU = Debug|Any CPU
		Release|Any CPU = Release|Any CPU
	EndGlobalSection
	GlobalSection(ProjectConfigurationPlatforms) = postSolution
		{778CACE4-E2FA-4C0E-A1FF-2DBA4540CD48}.Debug|Any CPU.ActiveCfg = Debug|Any CPU
		{778CACE4-E2FA-4C0E-A1FF-2DBA4540CD48}.Debug|Any CPU.Build.0 = Debug|Any CPU
		{778CACE4-E2FA-4C0E-A1FF-2DBA4540CD48}.Release|Any CPU.ActiveCfg = Release|Any CPU
		{778CACE4-E2FA-4C0E-A1FF-2DBA4540CD48}.Release|Any CPU.Build.0 = Release|Any CPU
	EndGlobalSection
	GlobalSection(SolutionProperties) = preSolution
		HideSolutionNode = FALSE
	EndGlobalSection
	GlobalSection(ExtensibilityGlobals) = postSolution
		SolutionGuid = {A61E03C4-41C2-4160-85AD-360CE5BBC7AE}
	EndGlobalSection
EndGlobal
